
Microsoft Visual Studio Solution File, Format Version 12.00
# Visual Studio Version 17
VisualStudioVersion = 17.7.34009.444
MinimumVisualStudioVersion = 10.0.40219.1
Project("{FAE04EC0-301F-11D3-BF4B-00C04F79EFBC}") = "Domain", "Domain\Domain.csproj", "{8EC817EA-CD7E-464E-9008-301597306AEC}"
EndProject
Project("{FAE04EC0-301F-11D3-BF4B-00C04F79EFBC}") = "Application", "Application\Application.csproj", "{BF032CA4-A2C2-4EF9-A777-15E85F527CD1}"
EndProject
Project("{FAE04EC0-301F-11D3-BF4B-00C04F79EFBC}") = "Infraestructure", "Infraestructure\Infraestructure.csproj", "{08E4C1C9-8996-4B38-A7A5-F11834377524}"
EndProject
Project("{FAE04EC0-301F-11D3-BF4B-00C04F79EFBC}") = "Presentation", "Presentation\Presentation.csproj", "{2B6CDA40-ED4B-4A66-828D-9C597FBF2E32}"
EndProject
Global
	GlobalSection(SolutionConfigurationPlatforms) = preSolution
		Debug|Any CPU = Debug|Any CPU
		Release|Any CPU = Release|Any CPU
	EndGlobalSection
	GlobalSection(ProjectConfigurationPlatforms) = postSolution
		{8EC817EA-CD7E-464E-9008-301597306AEC}.Debug|Any CPU.ActiveCfg = Debug|Any CPU
		{8EC817EA-CD7E-464E-9008-301597306AEC}.Debug|Any CPU.Build.0 = Debug|Any CPU
		{8EC817EA-CD7E-464E-9008-301597306AEC}.Release|Any CPU.ActiveCfg = Release|Any CPU
		{8EC817EA-CD7E-464E-9008-301597306AEC}.Release|Any CPU.Build.0 = Release|Any CPU
		{BF032CA4-A2C2-4EF9-A777-15E85F527CD1}.Debug|Any CPU.ActiveCfg = Debug|Any CPU
		{BF032CA4-A2C2-4EF9-A777-15E85F527CD1}.Debug|Any CPU.Build.0 = Debug|Any CPU
		{BF032CA4-A2C2-4EF9-A777-15E85F527CD1}.Release|Any CPU.ActiveCfg = Release|Any CPU
		{BF032CA4-A2C2-4EF9-A777-15E85F527CD1}.Release|Any CPU.Build.0 = Release|Any CPU
		{08E4C1C9-8996-4B38-A7A5-F11834377524}.Debug|Any CPU.ActiveCfg = Debug|Any CPU
		{08E4C1C9-8996-4B38-A7A5-F11834377524}.Debug|Any CPU.Build.0 = Debug|Any CPU
		{08E4C1C9-8996-4B38-A7A5-F11834377524}.Release|Any CPU.ActiveCfg = Release|Any CPU
		{08E4C1C9-8996-4B38-A7A5-F11834377524}.Release|Any CPU.Build.0 = Release|Any CPU
		{2B6CDA40-ED4B-4A66-828D-9C597FBF2E32}.Debug|Any CPU.ActiveCfg = Debug|Any CPU
		{2B6CDA40-ED4B-4A66-828D-9C597FBF2E32}.Debug|Any CPU.Build.0 = Debug|Any CPU
		{2B6CDA40-ED4B-4A66-828D-9C597FBF2E32}.Release|Any CPU.ActiveCfg = Release|Any CPU
		{2B6CDA40-ED4B-4A66-828D-9C597FBF2E32}.Release|Any CPU.Build.0 = Release|Any CPU
	EndGlobalSection
	GlobalSection(SolutionProperties) = preSolution
		HideSolutionNode = FALSE
	EndGlobalSection
	GlobalSection(ExtensibilityGlobals) = postSolution
		SolutionGuid = {76FF6135-83E3-41FE-A04C-3CBCEFFCE638}
	EndGlobalSection
EndGlobal
